
Microsoft Visual Studio Solution File, Format Version 12.00
# Visual Studio 15
VisualStudioVersion = 15.0.27703.2047
MinimumVisualStudioVersion = 10.0.40219.1
Project("{FAE04EC0-301F-11D3-BF4B-00C04F79EFBC}") = "UDPserver", "UDPserver\UDPserver.csproj", "{4789C6E7-7A1E-4626-800E-88D8B0DCA29B}"
EndProject
Project("{FAE04EC0-301F-11D3-BF4B-00C04F79EFBC}") = "UDPclient", "..\UDPclient\UDPclient.csproj", "{98626FEC-F883-4512-A262-1E4EEB9154D5}"
EndProject
Global
	GlobalSection(SolutionConfigurationPlatforms) = preSolution
		Debug|Any CPU = Debug|Any CPU
		Release|Any CPU = Release|Any CPU
	EndGlobalSection
	GlobalSection(ProjectConfigurationPlatforms) = postSolution
		{4789C6E7-7A1E-4626-800E-88D8B0DCA29B}.Debug|Any CPU.ActiveCfg = Debug|Any CPU
		{4789C6E7-7A1E-4626-800E-88D8B0DCA29B}.Debug|Any CPU.Build.0 = Debug|Any CPU
		{4789C6E7-7A1E-4626-800E-88D8B0DCA29B}.Release|Any CPU.ActiveCfg = Release|Any CPU
		{4789C6E7-7A1E-4626-800E-88D8B0DCA29B}.Release|Any CPU.Build.0 = Release|Any CPU
		{98626FEC-F883-4512-A262-1E4EEB9154D5}.Debug|Any CPU.ActiveCfg = Debug|Any CPU
		{98626FEC-F883-4512-A262-1E4EEB9154D5}.Debug|Any CPU.Build.0 = Debug|Any CPU
		{98626FEC-F883-4512-A262-1E4EEB9154D5}.Release|Any CPU.ActiveCfg = Release|Any CPU
		{98626FEC-F883-4512-A262-1E4EEB9154D5}.Release|Any CPU.Build.0 = Release|Any CPU
	EndGlobalSection
	GlobalSection(SolutionProperties) = preSolution
		HideSolutionNode = FALSE
	EndGlobalSection
	GlobalSection(ExtensibilityGlobals) = postSolution
		SolutionGuid = {95A2F6CB-5845-4484-BDB8-E449EA7E5A88}
	EndGlobalSection
EndGlobal
